#MicroXplorer Configuration settings - do not modify
ADC1.Channel-10\#ChannelRegularConversion=ADC_CHANNEL_18
ADC1.Channel-11\#ChannelRegularConversion=ADC_CHANNEL_19
ADC1.Channel-12\#ChannelRegularConversion=ADC_CHANNEL_3
ADC1.Channel-13\#ChannelRegularConversion=ADC_CHANNEL_7
ADC1.Channel-14\#ChannelRegularConversion=ADC_CHANNEL_4
ADC1.Channel-15\#ChannelRegularConversion=ADC_CHANNEL_8
ADC1.Channel-8\#ChannelRegularConversion=ADC_CHANNEL_14
ADC1.Channel-9\#ChannelRegularConversion=ADC_CHANNEL_15
ADC1.ClockPrescaler=ADC_CLOCK_ASYNC_DIV6
ADC1.ContinuousConvMode=ENABLE
ADC1.ConversionDataManagement=ADC_CONVERSIONDATA_DMA_CIRCULAR
ADC1.EnableInjectedConversion=ENABLE
ADC1.IPParameters=Rank-8\#ChannelRegularConversion,Channel-8\#ChannelRegularConversion,SamplingTime-8\#ChannelRegularConversion,OffsetNumber-8\#ChannelRegularConversion,NbrOfConversionFlag,ContinuousConvMode,Rank-9\#ChannelRegularConversion,Channel-9\#ChannelRegularConversion,SamplingTime-9\#ChannelRegularConversion,OffsetNumber-9\#ChannelRegularConversion,Rank-10\#ChannelRegularConversion,Channel-10\#ChannelRegularConversion,SamplingTime-10\#ChannelRegularConversion,OffsetNumber-10\#ChannelRegularConversion,Rank-11\#ChannelRegularConversion,Channel-11\#ChannelRegularConversion,SamplingTime-11\#ChannelRegularConversion,OffsetNumber-11\#ChannelRegularConversion,Rank-12\#ChannelRegularConversion,Channel-12\#ChannelRegularConversion,SamplingTime-12\#ChannelRegularConversion,OffsetNumber-12\#ChannelRegularConversion,Rank-13\#ChannelRegularConversion,Channel-13\#ChannelRegularConversion,SamplingTime-13\#ChannelRegularConversion,OffsetNumber-13\#ChannelRegularConversion,Rank-14\#ChannelRegularConversion,Channel-14\#ChannelRegularConversion,SamplingTime-14\#ChannelRegularConversion,OffsetNumber-14\#ChannelRegularConversion,Rank-15\#ChannelRegularConversion,Channel-15\#ChannelRegularConversion,SamplingTime-15\#ChannelRegularConversion,OffsetNumber-15\#ChannelRegularConversion,NbrOfConversion,OversamplingMode,EnableInjectedConversion,Overrun,ConversionDataManagement,master,Resolution,ClockPrescaler
ADC1.NbrOfConversion=8
ADC1.NbrOfConversionFlag=1
ADC1.OffsetNumber-10\#ChannelRegularConversion=ADC_OFFSET_NONE
ADC1.OffsetNumber-11\#ChannelRegularConversion=ADC_OFFSET_NONE
ADC1.OffsetNumber-12\#ChannelRegularConversion=ADC_OFFSET_NONE
ADC1.OffsetNumber-13\#ChannelRegularConversion=ADC_OFFSET_NONE
ADC1.OffsetNumber-14\#ChannelRegularConversion=ADC_OFFSET_NONE
ADC1.OffsetNumber-15\#ChannelRegularConversion=ADC_OFFSET_NONE
ADC1.OffsetNumber-8\#ChannelRegularConversion=ADC_OFFSET_NONE
ADC1.OffsetNumber-9\#ChannelRegularConversion=ADC_OFFSET_NONE
ADC1.Overrun=ADC_OVR_DATA_OVERWRITTEN
ADC1.OversamplingMode=DISABLE
ADC1.Rank-10\#ChannelRegularConversion=3
ADC1.Rank-11\#ChannelRegularConversion=4
ADC1.Rank-12\#ChannelRegularConversion=5
ADC1.Rank-13\#ChannelRegularConversion=6
ADC1.Rank-14\#ChannelRegularConversion=7
ADC1.Rank-15\#ChannelRegularConversion=8
ADC1.Rank-8\#ChannelRegularConversion=1
ADC1.Rank-9\#ChannelRegularConversion=2
ADC1.Resolution=ADC_RESOLUTION_12B
ADC1.SamplingTime-10\#ChannelRegularConversion=ADC_SAMPLETIME_16CYCLES_5
ADC1.SamplingTime-11\#ChannelRegularConversion=ADC_SAMPLETIME_16CYCLES_5
ADC1.SamplingTime-12\#ChannelRegularConversion=ADC_SAMPLETIME_16CYCLES_5
ADC1.SamplingTime-13\#ChannelRegularConversion=ADC_SAMPLETIME_16CYCLES_5
ADC1.SamplingTime-14\#ChannelRegularConversion=ADC_SAMPLETIME_16CYCLES_5
ADC1.SamplingTime-15\#ChannelRegularConversion=ADC_SAMPLETIME_16CYCLES_5
ADC1.SamplingTime-8\#ChannelRegularConversion=ADC_SAMPLETIME_16CYCLES_5
ADC1.SamplingTime-9\#ChannelRegularConversion=ADC_SAMPLETIME_16CYCLES_5
ADC1.master=1
CORTEX_M7.CPU_ICache=Disabled
CORTEX_M7.IPParameters=CPU_ICache
Dma.ADC1.0.Direction=DMA_PERIPH_TO_MEMORY
Dma.ADC1.0.EventEnable=DISABLE
Dma.ADC1.0.FIFOMode=DMA_FIFOMODE_DISABLE
Dma.ADC1.0.Instance=DMA1_Stream0
Dma.ADC1.0.MemDataAlignment=DMA_MDATAALIGN_HALFWORD
Dma.ADC1.0.MemInc=DMA_MINC_ENABLE
Dma.ADC1.0.Mode=DMA_CIRCULAR
Dma.ADC1.0.PeriphDataAlignment=DMA_PDATAALIGN_HALFWORD
Dma.ADC1.0.PeriphInc=DMA_PINC_DISABLE
Dma.ADC1.0.Polarity=HAL_DMAMUX_REQ_GEN_RISING
Dma.ADC1.0.Priority=DMA_PRIORITY_LOW
Dma.ADC1.0.RequestNumber=1
Dma.ADC1.0.RequestParameters=Instance,Direction,PeriphInc,MemInc,PeriphDataAlignment,MemDataAlignment,Mode,Priority,FIFOMode,SignalID,Polarity,RequestNumber,SyncSignalID,SyncPolarity,SyncEnable,EventEnable,SyncRequestNumber
Dma.ADC1.0.SignalID=NONE
Dma.ADC1.0.SyncEnable=DISABLE
Dma.ADC1.0.SyncPolarity=HAL_DMAMUX_SYNC_NO_EVENT
Dma.ADC1.0.SyncRequestNumber=1
Dma.ADC1.0.SyncSignalID=NONE
Dma.Request0=ADC1
Dma.Request1=USART2_RX
Dma.Request2=USART2_TX
Dma.RequestsNb=3
Dma.USART2_RX.1.Direction=DMA_PERIPH_TO_MEMORY
Dma.USART2_RX.1.EventEnable=DISABLE
Dma.USART2_RX.1.FIFOMode=DMA_FIFOMODE_DISABLE
Dma.USART2_RX.1.Instance=DMA1_Stream1
Dma.USART2_RX.1.MemDataAlignment=DMA_MDATAALIGN_BYTE
Dma.USART2_RX.1.MemInc=DMA_MINC_ENABLE
Dma.USART2_RX.1.Mode=DMA_NORMAL
Dma.USART2_RX.1.PeriphDataAlignment=DMA_PDATAALIGN_BYTE
Dma.USART2_RX.1.PeriphInc=DMA_PINC_DISABLE
Dma.USART2_RX.1.Polarity=HAL_DMAMUX_REQ_GEN_RISING
Dma.USART2_RX.1.Priority=DMA_PRIORITY_LOW
Dma.USART2_RX.1.RequestNumber=1
Dma.USART2_RX.1.RequestParameters=Instance,Direction,PeriphInc,MemInc,PeriphDataAlignment,MemDataAlignment,Mode,Priority,FIFOMode,SignalID,Polarity,RequestNumber,SyncSignalID,SyncPolarity,SyncEnable,EventEnable,SyncRequestNumber
Dma.USART2_RX.1.SignalID=NONE
Dma.USART2_RX.1.SyncEnable=DISABLE
Dma.USART2_RX.1.SyncPolarity=HAL_DMAMUX_SYNC_NO_EVENT
Dma.USART2_RX.1.SyncRequestNumber=1
Dma.USART2_RX.1.SyncSignalID=NONE
Dma.USART2_TX.2.Direction=DMA_MEMORY_TO_PERIPH
Dma.USART2_TX.2.EventEnable=DISABLE
Dma.USART2_TX.2.FIFOMode=DMA_FIFOMODE_DISABLE
Dma.USART2_TX.2.Instance=DMA1_Stream2
Dma.USART2_TX.2.MemDataAlignment=DMA_MDATAALIGN_BYTE
Dma.USART2_TX.2.MemInc=DMA_MINC_ENABLE
Dma.USART2_TX.2.Mode=DMA_NORMAL
Dma.USART2_TX.2.PeriphDataAlignment=DMA_PDATAALIGN_BYTE
Dma.USART2_TX.2.PeriphInc=DMA_PINC_DISABLE
Dma.USART2_TX.2.Polarity=HAL_DMAMUX_REQ_GEN_RISING
Dma.USART2_TX.2.Priority=DMA_PRIORITY_LOW
Dma.USART2_TX.2.RequestNumber=1
Dma.USART2_TX.2.RequestParameters=Instance,Direction,PeriphInc,MemInc,PeriphDataAlignment,MemDataAlignment,Mode,Priority,FIFOMode,SignalID,Polarity,RequestNumber,SyncSignalID,SyncPolarity,SyncEnable,EventEnable,SyncRequestNumber
Dma.USART2_TX.2.SignalID=NONE
Dma.USART2_TX.2.SyncEnable=DISABLE
Dma.USART2_TX.2.SyncPolarity=HAL_DMAMUX_SYNC_NO_EVENT
Dma.USART2_TX.2.SyncRequestNumber=1
Dma.USART2_TX.2.SyncSignalID=NONE
File.Version=6
GPIO.groupedBy=Group By Peripherals
I2C1.I2C_Speed_Mode=I2C_Fast
I2C1.IPParameters=Timing,I2C_Speed_Mode
I2C1.Timing=0x00B03FDB
I2C4.I2C_Speed_Mode=I2C_Standard
I2C4.IPParameters=Timing,I2C_Speed_Mode
I2C4.Timing=0x307075B1
KeepUserPlacement=false
Mcu.Family=STM32H7
Mcu.IP0=ADC1
Mcu.IP1=CORTEX_M7
Mcu.IP10=TIM2
Mcu.IP11=TIM4
Mcu.IP12=TIM5
Mcu.IP13=TIM15
Mcu.IP14=UART5
Mcu.IP15=USART2
Mcu.IP2=DEBUG
Mcu.IP3=DMA
Mcu.IP4=I2C1
Mcu.IP5=I2C4
Mcu.IP6=NVIC
Mcu.IP7=RCC
Mcu.IP8=SDMMC1
Mcu.IP9=SYS
Mcu.IPNb=16
Mcu.Name=STM32H743VITx
Mcu.Package=LQFP100
Mcu.Pin0=PE2
Mcu.Pin1=PE3
Mcu.Pin10=PA4
Mcu.Pin11=PA5
Mcu.Pin12=PA6
Mcu.Pin13=PA7
Mcu.Pin14=PC4
Mcu.Pin15=PC5
Mcu.Pin16=PB2
Mcu.Pin17=PE7
Mcu.Pin18=PD12
Mcu.Pin19=PD13
Mcu.Pin2=PE4
Mcu.Pin20=PD14
Mcu.Pin21=PD15
Mcu.Pin22=PC6
Mcu.Pin23=PC7
Mcu.Pin24=PC8
Mcu.Pin25=PC9
Mcu.Pin26=PA13 (JTMS/SWDIO)
Mcu.Pin27=PA14 (JTCK/SWCLK)
Mcu.Pin28=PA15 (JTDI)
Mcu.Pin29=PC10
Mcu.Pin3=PE5
Mcu.Pin30=PC11
Mcu.Pin31=PC12
Mcu.Pin32=PD2
Mcu.Pin33=PD5
Mcu.Pin34=PD6
Mcu.Pin35=PB3 (JTDO/TRACESWO)
Mcu.Pin36=PB5
Mcu.Pin37=PB6
Mcu.Pin38=PB7
Mcu.Pin39=PB8
Mcu.Pin4=PE6
Mcu.Pin40=PB9
Mcu.Pin41=VP_SYS_VS_Systick
Mcu.Pin42=VP_TIM2_VS_ClockSourceINT
Mcu.Pin43=VP_TIM5_VS_ClockSourceINT
Mcu.Pin44=VP_TIM15_VS_ClockSourceINT
Mcu.Pin5=PC13
Mcu.Pin6=PH0-OSC_IN (PH0)
Mcu.Pin7=PH1-OSC_OUT (PH1)
Mcu.Pin8=PA2
Mcu.Pin9=PA3
Mcu.PinsNb=45
Mcu.ThirdPartyNb=0
Mcu.UserConstants=
Mcu.UserName=STM32H743VITx
MxCube.Version=6.3.0
MxDb.Version=DB.6.0.30
NVIC.BusFault_IRQn=true\:0\:0\:false\:false\:true\:false\:false
NVIC.DMA1_Stream0_IRQn=true\:0\:0\:false\:false\:true\:false\:true
NVIC.DMA1_Stream1_IRQn=true\:0\:0\:false\:false\:true\:false\:true
NVIC.DMA1_Stream2_IRQn=true\:0\:0\:false\:false\:true\:false\:true
NVIC.DebugMonitor_IRQn=true\:0\:0\:false\:false\:true\:false\:false
NVIC.EXTI2_IRQn=true\:13\:0\:true\:false\:true\:true\:true
NVIC.EXTI3_IRQn=true\:14\:0\:true\:false\:true\:true\:true
NVIC.EXTI4_IRQn=true\:14\:0\:true\:false\:true\:true\:true
NVIC.EXTI9_5_IRQn=true\:14\:0\:true\:false\:true\:true\:true
NVIC.ForceEnableDMAVector=true
NVIC.HardFault_IRQn=true\:0\:0\:false\:false\:true\:false\:false
NVIC.MemoryManagement_IRQn=true\:0\:0\:false\:false\:true\:false\:false
NVIC.NonMaskableInt_IRQn=true\:0\:0\:false\:false\:true\:false\:false
NVIC.PendSV_IRQn=true\:0\:0\:false\:false\:true\:false\:false
NVIC.PriorityGroup=NVIC_PRIORITYGROUP_4
NVIC.SVCall_IRQn=true\:0\:0\:false\:false\:true\:false\:false
NVIC.SysTick_IRQn=true\:0\:0\:false\:false\:true\:false\:true
NVIC.TIM2_IRQn=true\:13\:0\:true\:false\:true\:true\:true
NVIC.TIM5_IRQn=true\:15\:0\:true\:false\:true\:true\:true
NVIC.UART5_IRQn=true\:15\:0\:true\:false\:true\:true\:true
NVIC.USART2_IRQn=true\:0\:0\:false\:false\:true\:true\:true
NVIC.UsageFault_IRQn=true\:0\:0\:false\:false\:true\:false\:false
PA13\ (JTMS/SWDIO).Mode=Trace_Asynchronous_SW
PA13\ (JTMS/SWDIO).Signal=DEBUG_JTMS-SWDIO
PA14\ (JTCK/SWCLK).Mode=Trace_Asynchronous_SW
PA14\ (JTCK/SWCLK).Signal=DEBUG_JTCK-SWCLK
PA15\ (JTDI).GPIOParameters=PinState,GPIO_Label,GPIO_ModeDefaultOutputPP
PA15\ (JTDI).GPIO_Label=LDD1
PA15\ (JTDI).GPIO_ModeDefaultOutputPP=GPIO_MODE_OUTPUT_OD
PA15\ (JTDI).Locked=true
PA15\ (JTDI).PinState=GPIO_PIN_SET
PA15\ (JTDI).Signal=GPIO_Output
PA2.Signal=ADCx_INP14
PA3.Signal=ADCx_INP15
PA4.Signal=ADCx_INP18
PA5.Signal=ADCx_INP19
PA6.Signal=ADCx_INP3
PA7.Signal=ADCx_INP7
PB2.GPIOParameters=PinState,GPIO_Label,GPIO_ModeDefaultOutputPP
PB2.GPIO_Label=LD3
PB2.GPIO_ModeDefaultOutputPP=GPIO_MODE_OUTPUT_OD
PB2.Locked=true
PB2.PinState=GPIO_PIN_SET
PB2.Signal=GPIO_Output
PB3\ (JTDO/TRACESWO).Mode=Trace_Asynchronous_SW
PB3\ (JTDO/TRACESWO).Signal=DEBUG_JTDO-SWO
PB5.Locked=true
PB5.Mode=Asynchronous
PB5.Signal=UART5_RX
PB6.Locked=true
PB6.Mode=Asynchronous
PB6.Signal=UART5_TX
PB7.GPIOParameters=PinState,GPIO_Label
PB7.GPIO_Label=EEPROM_WC
PB7.Locked=true
PB7.PinState=GPIO_PIN_SET
PB7.Signal=GPIO_Output
PB8.GPIOParameters=GPIO_Pu
PB8.GPIO_Pu=GPIO_PULLUP
PB8.Mode=I2C
PB8.Signal=I2C1_SCL
PB9.GPIOParameters=GPIO_Pu
PB9.GPIO_Pu=GPIO_PULLUP
PB9.Mode=I2C
PB9.Signal=I2C1_SDA
PC10.Mode=SD_4_bits_Wide_bus
PC10.Signal=SDMMC1_D2
PC11.Mode=SD_4_bits_Wide_bus
PC11.Signal=SDMMC1_D3
PC12.Mode=SD_4_bits_Wide_bus
PC12.Signal=SDMMC1_CK
PC13.GPIOParameters=PinState,GPIO_Label,GPIO_ModeDefaultOutputPP
PC13.GPIO_Label=IR_LED
PC13.GPIO_ModeDefaultOutputPP=GPIO_MODE_OUTPUT_OD
PC13.Locked=true
PC13.PinState=GPIO_PIN_SET
PC13.Signal=GPIO_Output
PC4.Signal=ADCx_INP4
PC5.Signal=ADCx_INP8
PC6.GPIOParameters=GPIO_Label,GPIO_ModeDefaultEXTI
PC6.GPIO_Label=ENK4
PC6.GPIO_ModeDefaultEXTI=GPIO_MODE_IT_RISING_FALLING
PC6.Locked=true
PC6.Signal=GPXTI6
PC7.GPIOParameters=GPIO_Label,GPIO_ModeDefaultEXTI
PC7.GPIO_Label=ENK3
PC7.GPIO_ModeDefaultEXTI=GPIO_MODE_IT_RISING_FALLING
PC7.Locked=true
PC7.Signal=GPXTI7
PC8.Mode=SD_4_bits_Wide_bus
PC8.Signal=SDMMC1_D0
PC9.Mode=SD_4_bits_Wide_bus
PC9.Signal=SDMMC1_D1
PD12.GPIOParameters=GPIO_Pu
PD12.GPIO_Pu=GPIO_PULLUP
PD12.Locked=true
PD12.Mode=I2C
PD12.Signal=I2C4_SCL
PD13.GPIOParameters=GPIO_Pu
PD13.GPIO_Pu=GPIO_PULLUP
PD13.Locked=true
PD13.Mode=I2C
PD13.Signal=I2C4_SDA
PD14.Signal=S_TIM4_CH3
PD15.Signal=S_TIM4_CH4
PD2.Mode=SD_4_bits_Wide_bus
PD2.Signal=SDMMC1_CMD
PD5.Mode=Asynchronous
PD5.Signal=USART2_TX
PD6.Mode=Asynchronous
PD6.Signal=USART2_RX
PE2.GPIOParameters=GPIO_PuPd,GPIO_Label,GPIO_ModeDefaultEXTI
PE2.GPIO_Label=IR_PIN
PE2.GPIO_ModeDefaultEXTI=GPIO_MODE_IT_FALLING
PE2.GPIO_PuPd=GPIO_NOPULL
PE2.Locked=true
PE2.Signal=GPXTI2
PE3.GPIOParameters=GPIO_Label,GPIO_ModeDefaultEXTI
PE3.GPIO_Label=ENK1
PE3.GPIO_ModeDefaultEXTI=GPIO_MODE_IT_RISING_FALLING
PE3.Locked=true
PE3.Signal=GPXTI3
PE4.GPIOParameters=GPIO_Label,GPIO_ModeDefaultEXTI
PE4.GPIO_Label=ENK2
PE4.GPIO_ModeDefaultEXTI=GPIO_MODE_IT_RISING_FALLING
PE4.Locked=true
PE4.Signal=GPXTI4
PE5.Signal=S_TIM15_CH1
PE6.Signal=S_TIM15_CH2
PE7.GPIOParameters=PinState,GPIO_Label,GPIO_ModeDefaultOutputPP
PE7.GPIO_Label=LD4
PE7.GPIO_ModeDefaultOutputPP=GPIO_MODE_OUTPUT_OD
PE7.Locked=true
PE7.PinState=GPIO_PIN_SET
PE7.Signal=GPIO_Output
PH0-OSC_IN\ (PH0).Mode=HSE-External-Oscillator
PH0-OSC_IN\ (PH0).Signal=RCC_OSC_IN
PH1-OSC_OUT\ (PH1).Mode=HSE-External-Oscillator
PH1-OSC_OUT\ (PH1).Signal=RCC_OSC_OUT
PinOutPanel.RotationAngle=0
ProjectManager.AskForMigrate=true
ProjectManager.BackupPrevious=false
ProjectManager.CompilerOptimize=6
ProjectManager.ComputerToolchain=false
ProjectManager.CoupleFile=true
ProjectManager.CustomerFirmwarePackage=
ProjectManager.DefaultFWLocation=true
ProjectManager.DeletePrevious=true
ProjectManager.DeviceId=STM32H743VITx
ProjectManager.FirmwarePackage=STM32Cube FW_H7 V1.9.0
ProjectManager.FreePins=false
ProjectManager.HalAssertFull=false
ProjectManager.HeapSize=0x200
ProjectManager.KeepUserCode=true
ProjectManager.LastFirmware=true
ProjectManager.LibraryCopy=1
ProjectManager.MainLocation=Core/Src
ProjectManager.NoMain=false
ProjectManager.PreviousToolchain=
ProjectManager.ProjectBuild=false
ProjectManager.ProjectFileName=LF_v5_Source_STM32H7.ioc
ProjectManager.ProjectName=LF_v5_Source_STM32H7
ProjectManager.RegisterCallBack=
ProjectManager.StackSize=0x400
ProjectManager.TargetToolchain=STM32CubeIDE
ProjectManager.ToolChainLocation=
ProjectManager.UnderRoot=true
ProjectManager.functionlistsort=1-MX_GPIO_Init-GPIO-false-HAL-true,2-MX_DMA_Init-DMA-false-HAL-true,3-SystemClock_Config-RCC-false-HAL-false,4-MX_SDMMC1_SD_Init-SDMMC1-false-HAL-true,5-MX_ADC1_Init-ADC1-false-HAL-true,6-MX_TIM15_Init-TIM15-false-HAL-true,7-MX_TIM4_Init-TIM4-false-HAL-true,8-MX_I2C4_Init-I2C4-false-HAL-true,9-MX_USART2_UART_Init-USART2-false-HAL-true,10-MX_UART5_Init-UART5-false-HAL-true,11-MX_TIM2_Init-TIM2-false-LL-true,12-MX_I2C1_Init-I2C1-false-HAL-true,13-MX_TIM5_Init-TIM5-false-HAL-true,0-MX_CORTEX_M7_Init-CORTEX_M7-false-HAL-true
RCC.ADCCLockSelection=RCC_ADCCLKSOURCE_CLKP
RCC.ADCFreq_Value=64000000
RCC.AHB12Freq_Value=240000000
RCC.AHB4Freq_Value=240000000
RCC.APB1Freq_Value=120000000
RCC.APB2Freq_Value=120000000
RCC.APB3Freq_Value=120000000
RCC.APB4Freq_Value=120000000
RCC.AXIClockFreq_Value=240000000
RCC.CECFreq_Value=32000
RCC.CKPERFreq_Value=64000000
RCC.CortexFreq_Value=480000000
RCC.CpuClockFreq_Value=480000000
RCC.D1CPREFreq_Value=480000000
RCC.D1PPRE=RCC_APB3_DIV2
RCC.D2PPRE1=RCC_APB1_DIV2
RCC.D2PPRE2=RCC_APB2_DIV2
RCC.D3PPRE=RCC_APB4_DIV2
RCC.DFSDMACLkFreq_Value=120000000
RCC.DFSDMFreq_Value=120000000
RCC.DIVM1=2
RCC.DIVM2=2
RCC.DIVN1=120
RCC.DIVN2=120
RCC.DIVP1Freq_Value=480000000
RCC.DIVP2=8
RCC.DIVP2Freq_Value=120000000
RCC.DIVP3Freq_Value=32250000
RCC.DIVQ1=8
RCC.DIVQ1Freq_Value=120000000
RCC.DIVQ2=8
RCC.DIVQ2Freq_Value=120000000
RCC.DIVQ3Freq_Value=32250000
RCC.DIVR1=8
RCC.DIVR1Freq_Value=120000000
RCC.DIVR2=8
RCC.DIVR2Freq_Value=120000000
RCC.DIVR3Freq_Value=32250000
RCC.FDCANFreq_Value=120000000
RCC.FMCFreq_Value=240000000
RCC.FamilyName=M
RCC.HCLK3ClockFreq_Value=240000000
RCC.HCLKFreq_Value=240000000
RCC.HPRE=RCC_HCLK_DIV2
RCC.HRTIMFreq_Value=240000000
RCC.HSE_VALUE=16000000
RCC.I2C123Freq_Value=120000000
RCC.I2C4Freq_Value=120000000
RCC.IPParameters=ADCCLockSelection,ADCFreq_Value,AHB12Freq_Value,AHB4Freq_Value,APB1Freq_Value,APB2Freq_Value,APB3Freq_Value,APB4Freq_Value,AXIClockFreq_Value,CECFreq_Value,CKPERFreq_Value,CortexFreq_Value,CpuClockFreq_Value,D1CPREFreq_Value,D1PPRE,D2PPRE1,D2PPRE2,D3PPRE,DFSDMACLkFreq_Value,DFSDMFreq_Value,DIVM1,DIVM2,DIVN1,DIVN2,DIVP1Freq_Value,DIVP2,DIVP2Freq_Value,DIVP3Freq_Value,DIVQ1,DIVQ1Freq_Value,DIVQ2,DIVQ2Freq_Value,DIVQ3Freq_Value,DIVR1,DIVR1Freq_Value,DIVR2,DIVR2Freq_Value,DIVR3Freq_Value,FDCANFreq_Value,FMCFreq_Value,FamilyName,HCLK3ClockFreq_Value,HCLKFreq_Value,HPRE,HRTIMFreq_Value,HSE_VALUE,I2C123Freq_Value,I2C4Freq_Value,LPTIM1Freq_Value,LPTIM2Freq_Value,LPTIM345Freq_Value,LPUART1Freq_Value,LTDCFreq_Value,MCO1PinFreq_Value,MCO2PinFreq_Value,PLLSourceVirtual,QSPIFreq_Value,RNGFreq_Value,RTCFreq_Value,SAI1Freq_Value,SAI23Freq_Value,SAI4AFreq_Value,SAI4BFreq_Value,SDMMCFreq_Value,SPDIFRXFreq_Value,SPI123Freq_Value,SPI45Freq_Value,SPI6Freq_Value,SWPMI1Freq_Value,SYSCLKFreq_VALUE,SYSCLKSource,Tim1OutputFreq_Value,Tim2OutputFreq_Value,TraceFreq_Value,USART16Freq_Value,USART234578Freq_Value,USBFreq_Value,VCO1OutputFreq_Value,VCO2OutputFreq_Value,VCO3OutputFreq_Value,VCOInput1Freq_Value,VCOInput2Freq_Value,VCOInput3Freq_Value
RCC.LPTIM1Freq_Value=120000000
RCC.LPTIM2Freq_Value=120000000
RCC.LPTIM345Freq_Value=120000000
RCC.LPUART1Freq_Value=120000000
RCC.LTDCFreq_Value=32250000
RCC.MCO1PinFreq_Value=64000000
RCC.MCO2PinFreq_Value=480000000
RCC.PLLSourceVirtual=RCC_PLLSOURCE_HSE
RCC.QSPIFreq_Value=240000000
RCC.RNGFreq_Value=48000000
RCC.RTCFreq_Value=32000
RCC.SAI1Freq_Value=120000000
RCC.SAI23Freq_Value=120000000
RCC.SAI4AFreq_Value=120000000
RCC.SAI4BFreq_Value=120000000
RCC.SDMMCFreq_Value=120000000
RCC.SPDIFRXFreq_Value=120000000
RCC.SPI123Freq_Value=120000000
RCC.SPI45Freq_Value=120000000
RCC.SPI6Freq_Value=120000000
RCC.SWPMI1Freq_Value=120000000
RCC.SYSCLKFreq_VALUE=480000000
RCC.SYSCLKSource=RCC_SYSCLKSOURCE_PLLCLK
RCC.Tim1OutputFreq_Value=240000000
RCC.Tim2OutputFreq_Value=240000000
RCC.TraceFreq_Value=120000000
RCC.USART16Freq_Value=120000000
RCC.USART234578Freq_Value=120000000
RCC.USBFreq_Value=120000000
RCC.VCO1OutputFreq_Value=960000000
RCC.VCO2OutputFreq_Value=960000000
RCC.VCO3OutputFreq_Value=64500000
RCC.VCOInput1Freq_Value=8000000
RCC.VCOInput2Freq_Value=8000000
RCC.VCOInput3Freq_Value=500000
SH.ADCx_INP14.0=ADC1_INP14,IN14-Single-Ended
SH.ADCx_INP14.ConfNb=1
SH.ADCx_INP15.0=ADC1_INP15,IN15-Single-Ended
SH.ADCx_INP15.ConfNb=1
SH.ADCx_INP18.0=ADC1_INP18,IN18-Single-Ended
SH.ADCx_INP18.ConfNb=1
SH.ADCx_INP19.0=ADC1_INP19,IN19-Single-Ended
SH.ADCx_INP19.ConfNb=1
SH.ADCx_INP3.0=ADC1_INP3,IN3-Single-Ended
SH.ADCx_INP3.ConfNb=1
SH.ADCx_INP4.0=ADC1_INP4,IN4-Single-Ended
SH.ADCx_INP4.ConfNb=1
SH.ADCx_INP7.0=ADC1_INP7,IN7-Single-Ended
SH.ADCx_INP7.ConfNb=1
SH.ADCx_INP8.0=ADC1_INP8,IN8-Single-Ended
SH.ADCx_INP8.ConfNb=1
SH.GPXTI2.0=GPIO_EXTI2
SH.GPXTI2.ConfNb=1
SH.GPXTI3.0=GPIO_EXTI3
SH.GPXTI3.ConfNb=1
SH.GPXTI4.0=GPIO_EXTI4
SH.GPXTI4.ConfNb=1
SH.GPXTI6.0=GPIO_EXTI6
SH.GPXTI6.ConfNb=1
SH.GPXTI7.0=GPIO_EXTI7
SH.GPXTI7.ConfNb=1
SH.S_TIM15_CH1.0=TIM15_CH1,PWM Generation1 CH1
SH.S_TIM15_CH1.ConfNb=1
SH.S_TIM15_CH2.0=TIM15_CH2,PWM Generation2 CH2
SH.S_TIM15_CH2.ConfNb=1
SH.S_TIM4_CH3.0=TIM4_CH3,PWM Generation3 CH3
SH.S_TIM4_CH3.ConfNb=1
SH.S_TIM4_CH4.0=TIM4_CH4,PWM Generation4 CH4
SH.S_TIM4_CH4.ConfNb=1
TIM15.Channel-PWM\ Generation1\ CH1=TIM_CHANNEL_1
TIM15.Channel-PWM\ Generation2\ CH2=TIM_CHANNEL_2
TIM15.IPParameters=Prescaler,Period,Channel-PWM Generation1 CH1,Channel-PWM Generation2 CH2
TIM15.Period=1000
TIM15.Prescaler=2
TIM2.IPParameters=Prescaler,Period
TIM2.Period=101
TIM2.Prescaler=239
TIM4.Channel-PWM\ Generation3\ CH3=TIM_CHANNEL_3
TIM4.Channel-PWM\ Generation4\ CH4=TIM_CHANNEL_4
TIM4.IPParameters=Channel-PWM Generation3 CH3,Prescaler,Period,Channel-PWM Generation4 CH4
TIM4.Period=1000
TIM4.Prescaler=2
TIM5.IPParameters=Prescaler,Period
TIM5.Period=10000
TIM5.Prescaler=240
USART2.IPParameters=VirtualMode-Asynchronous
USART2.VirtualMode-Asynchronous=VM_ASYNC
VP_SYS_VS_Systick.Mode=SysTick
VP_SYS_VS_Systick.Signal=SYS_VS_Systick
VP_TIM15_VS_ClockSourceINT.Mode=Internal
VP_TIM15_VS_ClockSourceINT.Signal=TIM15_VS_ClockSourceINT
VP_TIM2_VS_ClockSourceINT.Mode=Internal
VP_TIM2_VS_ClockSourceINT.Signal=TIM2_VS_ClockSourceINT
VP_TIM5_VS_ClockSourceINT.Mode=Internal
VP_TIM5_VS_ClockSourceINT.Signal=TIM5_VS_ClockSourceINT
board=custom
isbadioc=false
