#MicroXplorer Configuration settings - do not modify
VP_TIM5_VS_ClockSourceINT.Mode=Internal
PC7.GPIOParameters=GPIO_Label,GPIO_ModeDefaultEXTI
PA15\ (JTDI).GPIOParameters=PinState,GPIO_Label,GPIO_ModeDefaultOutputPP
ADC1.Rank-14\#ChannelRegularConversion=7
USART2.IPParameters=VirtualMode-Asynchronous
I2C1.I2C_Speed_Mode=I2C_Fast
VP_TIM5_VS_ClockSourceINT.Signal=TIM5_VS_ClockSourceINT
PC12.Signal=SDMMC1_CK
ADC1.OffsetNumber-10\#ChannelRegularConversion=ADC_OFFSET_NONE
PC7.Locked=true
PC6.GPIO_Label=ENK4
RCC.RTCFreq_Value=32000
RCC.CpuClockFreq_Value=480000000
PA15\ (JTDI).Signal=GPIO_Output
SH.S_TIM4_CH4.ConfNb=1
ADC1.SamplingTime-12\#ChannelRegularConversion=ADC_SAMPLETIME_16CYCLES_5
ADC1.OffsetNumber-13\#ChannelRegularConversion=ADC_OFFSET_NONE
PinOutPanel.RotationAngle=0
ADC1.Channel-8\#ChannelRegularConversion=ADC_CHANNEL_14
RCC.MCO1PinFreq_Value=64000000
RCC.SYSCLKSource=RCC_SYSCLKSOURCE_PLLCLK
RCC.AHB4Freq_Value=240000000
RCC.LPTIM1Freq_Value=120000000
SH.GPXTI7.ConfNb=1
NVIC.SVCall_IRQn=true\:0\:0\:false\:false\:true\:false\:false
PA14\ (JTCK/SWCLK).Signal=DEBUG_JTCK-SWCLK
SH.GPXTI3.ConfNb=1
PC13.GPIO_ModeDefaultOutputPP=GPIO_MODE_OUTPUT_OD
NVIC.TIM5_IRQn=true\:15\:0\:true\:false\:true\:true\:true
RCC.ADCCLockSelection=RCC_ADCCLKSOURCE_CLKP
ADC1.Rank-11\#ChannelRegularConversion=4
I2C4.Timing=0x307075B1
RCC.I2C4Freq_Value=120000000
TIM2.IPParameters=Prescaler,Period
Dma.ADC1.0.Direction=DMA_PERIPH_TO_MEMORY
PB6.Signal=UART5_TX
PC7.Signal=GPXTI7
PB6.Mode=Asynchronous
RCC.DIVQ3Freq_Value=32250000
VP_TIM2_VS_ClockSourceINT.Signal=TIM2_VS_ClockSourceINT
PE5.Signal=S_TIM15_CH1
Dma.ADC1.0.MemDataAlignment=DMA_MDATAALIGN_HALFWORD
SH.ADCx_INP4.0=ADC1_INP4,IN4-Single-Ended
ProjectManager.ProjectBuild=false
TIM4.Channel-PWM\ Generation3\ CH3=TIM_CHANNEL_3
NVIC.UsageFault_IRQn=true\:0\:0\:false\:false\:true\:false\:false
PB2.Signal=GPIO_Output
RCC.DIVM2=2
ADC1.OffsetNumber-9\#ChannelRegularConversion=ADC_OFFSET_NONE
RCC.DIVM1=2
SH.GPXTI7.0=GPIO_EXTI7
TIM15.Period=1000
ProjectManager.FirmwarePackage=STM32Cube FW_H7 V1.9.0
MxDb.Version=DB.6.0.21
ProjectManager.BackupPrevious=false
RCC.FMCFreq_Value=240000000
TIM15.Channel-PWM\ Generation2\ CH2=TIM_CHANNEL_2
Dma.ADC1.0.PeriphInc=DMA_PINC_DISABLE
NVIC.TIM2_IRQn=true\:13\:0\:true\:false\:true\:true\:true
RCC.USART16Freq_Value=120000000
PE4.GPIO_Label=ENK2
PC9.Mode=SD_4_bits_Wide_bus
PE2.Signal=GPXTI2
PA14\ (JTCK/SWCLK).Mode=Trace_Asynchronous_SW
PB6.Locked=true
NVIC.PendSV_IRQn=true\:0\:0\:false\:false\:true\:false\:false
TIM4.Period=1000
ADC1.Channel-15\#ChannelRegularConversion=ADC_CHANNEL_8
RCC.DIVR2Freq_Value=120000000
VP_TIM15_VS_ClockSourceINT.Signal=TIM15_VS_ClockSourceINT
ProjectManager.HalAssertFull=false
RCC.DIVP2Freq_Value=120000000
SH.ADCx_INP3.0=ADC1_INP3,IN3-Single-Ended
PB7.PinState=GPIO_PIN_SET
SH.ADCx_INP4.ConfNb=1
RCC.MCO2PinFreq_Value=480000000
PB9.Signal=I2C1_SDA
Mcu.Package=LQFP100
TIM2.Prescaler=240
ADC1.EnableInjectedConversion=ENABLE
ADC1.OversamplingMode=DISABLE
SH.ADCx_INP18.ConfNb=1
PD12.Signal=I2C4_SCL
VP_SYS_VS_Systick.Signal=SYS_VS_Systick
RCC.DFSDMFreq_Value=120000000
PC11.Mode=SD_4_bits_Wide_bus
ADC1.SamplingTime-15\#ChannelRegularConversion=ADC_SAMPLETIME_16CYCLES_5
NVIC.EXTI2_IRQn=true\:13\:0\:true\:false\:true\:true\:true
RCC.TraceFreq_Value=120000000
RCC.APB4Freq_Value=120000000
RCC.CECFreq_Value=32000
RCC.SAI23Freq_Value=120000000
NVIC.BusFault_IRQn=true\:0\:0\:false\:false\:true\:false\:false
Dma.ADC1.0.FIFOMode=DMA_FIFOMODE_DISABLE
RCC.LPUART1Freq_Value=120000000
TIM4.Channel-PWM\ Generation4\ CH4=TIM_CHANNEL_4
PB2.GPIO_ModeDefaultOutputPP=GPIO_MODE_OUTPUT_OD
SH.ADCx_INP7.ConfNb=1
PH0-OSC_IN\ (PH0).Mode=HSE-External-Oscillator
PD15.Signal=S_TIM4_CH4
ProjectManager.CustomerFirmwarePackage=
Dma.ADC1.0.EventEnable=DISABLE
RCC.VCO3OutputFreq_Value=64500000
TIM15.Channel-PWM\ Generation1\ CH1=TIM_CHANNEL_1
ADC1.Channel-10\#ChannelRegularConversion=ADC_CHANNEL_18
NVIC.EXTI4_IRQn=true\:14\:0\:true\:false\:true\:true\:true
ProjectManager.ProjectFileName=LINE_FOLLOWER_STM32H7.ioc
Dma.ADC1.0.Instance=DMA1_Stream0
RCC.DIVQ2=8
I2C4.I2C_Speed_Mode=I2C_Standard
RCC.DIVQ1=8
TIM5.IPParameters=Prescaler,Period
Mcu.PinsNb=45
Dma.ADC1.0.SyncRequestNumber=1
ADC1.IPParameters=Rank-8\#ChannelRegularConversion,Channel-8\#ChannelRegularConversion,SamplingTime-8\#ChannelRegularConversion,OffsetNumber-8\#ChannelRegularConversion,NbrOfConversionFlag,ContinuousConvMode,Rank-9\#ChannelRegularConversion,Channel-9\#ChannelRegularConversion,SamplingTime-9\#ChannelRegularConversion,OffsetNumber-9\#ChannelRegularConversion,Rank-10\#ChannelRegularConversion,Channel-10\#ChannelRegularConversion,SamplingTime-10\#ChannelRegularConversion,OffsetNumber-10\#ChannelRegularConversion,Rank-11\#ChannelRegularConversion,Channel-11\#ChannelRegularConversion,SamplingTime-11\#ChannelRegularConversion,OffsetNumber-11\#ChannelRegularConversion,Rank-12\#ChannelRegularConversion,Channel-12\#ChannelRegularConversion,SamplingTime-12\#ChannelRegularConversion,OffsetNumber-12\#ChannelRegularConversion,Rank-13\#ChannelRegularConversion,Channel-13\#ChannelRegularConversion,SamplingTime-13\#ChannelRegularConversion,OffsetNumber-13\#ChannelRegularConversion,Rank-14\#ChannelRegularConversion,Channel-14\#ChannelRegularConversion,SamplingTime-14\#ChannelRegularConversion,OffsetNumber-14\#ChannelRegularConversion,Rank-15\#ChannelRegularConversion,Channel-15\#ChannelRegularConversion,SamplingTime-15\#ChannelRegularConversion,OffsetNumber-15\#ChannelRegularConversion,NbrOfConversion,OversamplingMode,EnableInjectedConversion,Overrun,ConversionDataManagement,master,Resolution,ClockPrescaler
PC13.Locked=true
PC13.Signal=GPIO_Output
RCC.SWPMI1Freq_Value=120000000
PC6.Signal=GPXTI6
PE7.PinState=GPIO_PIN_SET
RCC.DIVP2=8
RCC.QSPIFreq_Value=240000000
PD6.Mode=Asynchronous
RCC.D1CPREFreq_Value=480000000
SH.GPXTI6.ConfNb=1
RCC.USART234578Freq_Value=120000000
RCC.Tim1OutputFreq_Value=240000000
SH.GPXTI2.ConfNb=1
RCC.SPI123Freq_Value=120000000
TIM4.IPParameters=Channel-PWM Generation3 CH3,Prescaler,Period,Channel-PWM Generation4 CH4
ADC1.OffsetNumber-8\#ChannelRegularConversion=ADC_OFFSET_NONE
Dma.ADC1.0.SignalID=NONE
PC6.Locked=true
Dma.ADC1.0.Priority=DMA_PRIORITY_LOW
RCC.DIVN2=120
I2C1.Timing=0x00B03FDB
RCC.DIVN1=120
PB5.Locked=true
SH.ADCx_INP8.0=ADC1_INP8,IN8-Single-Ended
PE2.GPIO_PuPd=GPIO_NOPULL
PA5.Signal=ADCx_INP19
Mcu.Pin40=PB9
Mcu.Pin41=VP_SYS_VS_Systick
PC12.Mode=SD_4_bits_Wide_bus
Mcu.Pin44=VP_TIM15_VS_ClockSourceINT
Mcu.Pin42=VP_TIM2_VS_ClockSourceINT
Mcu.Pin43=VP_TIM5_VS_ClockSourceINT
ADC1.Rank-12\#ChannelRegularConversion=5
ProjectManager.LastFirmware=true
SH.S_TIM15_CH1.0=TIM15_CH1,PWM Generation1 CH1
SH.S_TIM15_CH1.ConfNb=1
SH.S_TIM15_CH2.ConfNb=1
ADC1.SamplingTime-14\#ChannelRegularConversion=ADC_SAMPLETIME_16CYCLES_5
RCC.AHB12Freq_Value=240000000
Mcu.Pin37=PB6
Mcu.Pin38=PB7
Mcu.Pin35=PB3 (JTDO/TRACESWO)
Mcu.Pin36=PB5
Mcu.Pin39=PB8
RCC.RNGFreq_Value=48000000
Mcu.Pin30=PC11
Mcu.Pin33=PD5
Mcu.Pin34=PD6
Mcu.Pin31=PC12
Mcu.Pin32=PD2
NVIC.NonMaskableInt_IRQn=true\:0\:0\:false\:false\:true\:false\:false
ADC1.SamplingTime-10\#ChannelRegularConversion=ADC_SAMPLETIME_16CYCLES_5
TIM2.Period=100
ADC1.Rank-9\#ChannelRegularConversion=2
PE7.Locked=true
ProjectManager.FreePins=false
ADC1.OffsetNumber-12\#ChannelRegularConversion=ADC_OFFSET_NONE
RCC.LPTIM2Freq_Value=120000000
Mcu.Pin26=PA13 (JTMS/SWDIO)
Mcu.Pin27=PA14 (JTCK/SWCLK)
Mcu.Pin24=PC8
ProjectManager.UnderRoot=true
Mcu.Pin25=PC9
CORTEX_M7.IPParameters=CPU_ICache
SH.ADCx_INP7.0=ADC1_INP7,IN7-Single-Ended
Mcu.Pin28=PA15 (JTDI)
PC7.GPIO_Label=ENK3
Mcu.Pin29=PC10
PC8.Mode=SD_4_bits_Wide_bus
PA4.Signal=ADCx_INP18
Mcu.Pin22=PC6
PB5.Signal=UART5_RX
Mcu.Pin23=PC7
Mcu.Pin20=PD14
ADC1.master=1
PD12.Mode=I2C
Mcu.Pin21=PD15
NVIC.ForceEnableDMAVector=true
NVIC.MemoryManagement_IRQn=true\:0\:0\:false\:false\:true\:false\:false
ProjectManager.CompilerOptimize=6
Dma.ADC1.0.RequestNumber=1
ProjectManager.HeapSize=0x200
Mcu.Pin15=PC5
NVIC.HardFault_IRQn=true\:0\:0\:false\:false\:true\:false\:false
Mcu.Pin16=PB2
Mcu.Pin13=PA7
Mcu.Pin14=PC4
Mcu.Pin19=PD13
RCC.LPTIM345Freq_Value=120000000
ProjectManager.ComputerToolchain=false
Mcu.Pin17=PE7
Mcu.Pin18=PD12
RCC.LTDCFreq_Value=32250000
NVIC.PriorityGroup=NVIC_PRIORITYGROUP_4
Mcu.Pin11=PA5
Mcu.Pin12=PA6
PB3\ (JTDO/TRACESWO).Mode=Trace_Asynchronous_SW
PB8.Mode=I2C
Mcu.Pin10=PA4
ADC1.ConversionDataManagement=ADC_CONVERSIONDATA_DMA_CIRCULAR
SH.ADCx_INP19.0=ADC1_INP19,IN19-Single-Ended
PE3.Signal=GPXTI3
PE2.Locked=true
PE7.GPIO_ModeDefaultOutputPP=GPIO_MODE_OUTPUT_OD
PE2.GPIO_ModeDefaultEXTI=GPIO_MODE_IT_FALLING
PA15\ (JTDI).PinState=GPIO_PIN_SET
ADC1.SamplingTime-9\#ChannelRegularConversion=ADC_SAMPLETIME_16CYCLES_5
PD2.Signal=SDMMC1_CMD
RCC.HCLK3ClockFreq_Value=240000000
RCC.DIVR2=8
RCC.DIVR1=8
PA13\ (JTMS/SWDIO).Signal=DEBUG_JTMS-SWDIO
Mcu.Family=STM32H7
RCC.DIVQ2Freq_Value=120000000
ProjectManager.MainLocation=Core/Src
RCC.SAI1Freq_Value=120000000
RCC.CortexFreq_Value=480000000
ProjectManager.KeepUserCode=true
Mcu.UserName=STM32H743VITx
ADC1.Overrun=ADC_OVR_DATA_OVERWRITTEN
ADC1.ContinuousConvMode=ENABLE
RCC.HPRE=RCC_HCLK_DIV2
PH0-OSC_IN\ (PH0).Signal=RCC_OSC_IN
Dma.ADC1.0.Polarity=HAL_DMAMUX_REQ_GEN_RISING
PC10.Signal=SDMMC1_D2
SH.ADCx_INP18.0=ADC1_INP18,IN18-Single-Ended
ProjectManager.functionlistsort=1-MX_GPIO_Init-GPIO-false-HAL-true,2-MX_DMA_Init-DMA-false-HAL-true,3-SystemClock_Config-RCC-false-HAL-false,4-MX_SDMMC1_SD_Init-SDMMC1-false-HAL-true,5-MX_ADC1_Init-ADC1-false-HAL-true,6-MX_TIM15_Init-TIM15-false-HAL-true,7-MX_TIM4_Init-TIM4-false-HAL-true,8-MX_I2C4_Init-I2C4-false-HAL-true,9-MX_USART2_UART_Init-USART2-false-HAL-true,10-MX_UART5_Init-UART5-false-HAL-true,11-MX_TIM2_Init-TIM2-false-HAL-true,12-MX_I2C1_Init-I2C1-false-HAL-true,13-MX_TIM5_Init-TIM5-false-HAL-true,0-MX_CORTEX_M7_Init-CORTEX_M7-false-HAL-true
NVIC.EXTI3_IRQn=true\:14\:0\:true\:false\:true\:true\:true
RCC.VCO2OutputFreq_Value=960000000
PC13.GPIO_Label=IR_LED
ADC1.Channel-14\#ChannelRegularConversion=ADC_CHANNEL_4
ProjectManager.StackSize=0x400
NVIC.UART5_IRQn=true\:15\:0\:true\:false\:true\:true\:true
SH.GPXTI2.0=GPIO_EXTI2
SH.S_TIM15_CH2.0=TIM15_CH2,PWM Generation2 CH2
RCC.VCOInput3Freq_Value=500000
PD13.Signal=I2C4_SDA
Mcu.IP4=I2C1
Mcu.IP5=I2C4
I2C1.IPParameters=Timing,I2C_Speed_Mode
Mcu.IP2=DEBUG
PD13.Locked=true
Mcu.IP3=DMA
Mcu.IP0=ADC1
Mcu.IP1=CORTEX_M7
PE4.GPIOParameters=GPIO_Label,GPIO_ModeDefaultEXTI
Mcu.UserConstants=
RCC.DIVP3Freq_Value=32250000
RCC.SDMMCFreq_Value=120000000
TIM15.Prescaler=10
Mcu.ThirdPartyNb=0
RCC.HCLKFreq_Value=240000000
Mcu.IPNb=16
ADC1.Resolution=ADC_RESOLUTION_12B
ProjectManager.PreviousToolchain=
RCC.SPDIFRXFreq_Value=120000000
Mcu.Pin6=PH0-OSC_IN (PH0)
Mcu.Pin7=PH1-OSC_OUT (PH1)
Mcu.Pin8=PA2
Mcu.Pin9=PA3
Mcu.Pin0=PE2
Mcu.Pin1=PE3
PD5.Mode=Asynchronous
GPIO.groupedBy=Group By Peripherals
Mcu.Pin2=PE4
RCC.HRTIMFreq_Value=240000000
Mcu.Pin3=PE5
Mcu.Pin4=PE6
Mcu.Pin5=PC13
PH1-OSC_OUT\ (PH1).Mode=HSE-External-Oscillator
RCC.DIVR3Freq_Value=32250000
RCC.HSE_VALUE=16000000
NVIC.DebugMonitor_IRQn=true\:0\:0\:false\:false\:true\:false\:false
Mcu.IP10=TIM2
USART2.VirtualMode-Asynchronous=VM_ASYNC
NVIC.SysTick_IRQn=true\:0\:0\:false\:false\:true\:false\:true
Mcu.IP12=TIM5
Mcu.IP11=TIM4
ADC1.OffsetNumber-15\#ChannelRegularConversion=ADC_OFFSET_NONE
RCC.DIVP1Freq_Value=480000000
Mcu.IP14=UART5
Mcu.IP13=TIM15
Mcu.IP15=USART2
PB5.Mode=Asynchronous
File.Version=6
PE3.GPIOParameters=GPIO_Label,GPIO_ModeDefaultEXTI
PE3.Locked=true
PB7.Signal=GPIO_Output
ADC1.OffsetNumber-11\#ChannelRegularConversion=ADC_OFFSET_NONE
PE4.Signal=GPXTI4
Dma.RequestsNb=1
ProjectManager.ProjectName=LINE_FOLLOWER_STM32H7
ADC1.Rank-15\#ChannelRegularConversion=8
RCC.APB3Freq_Value=120000000
PB7.GPIO_Label=EEPROM_WC
PC7.GPIO_ModeDefaultEXTI=GPIO_MODE_IT_RISING_FALLING
ADC1.SamplingTime-11\#ChannelRegularConversion=ADC_SAMPLETIME_16CYCLES_5
PA6.Signal=ADCx_INP3
RCC.D1PPRE=RCC_APB3_DIV2
PA15\ (JTDI).GPIO_ModeDefaultOutputPP=GPIO_MODE_OUTPUT_OD
SH.ADCx_INP15.ConfNb=1
ADC1.SamplingTime-13\#ChannelRegularConversion=ADC_SAMPLETIME_16CYCLES_5
ProjectManager.ToolChainLocation=
ADC1.Channel-11\#ChannelRegularConversion=ADC_CHANNEL_19
RCC.DIVR1Freq_Value=120000000
NVIC.DMA1_Stream0_IRQn=true\:0\:0\:false\:false\:true\:false\:true
SH.ADCx_INP15.0=ADC1_INP15,IN15-Single-Ended
PC5.Signal=ADCx_INP8
PE7.Signal=GPIO_Output
PD6.Signal=USART2_RX
Dma.Request0=ADC1
ADC1.SamplingTime-8\#ChannelRegularConversion=ADC_SAMPLETIME_16CYCLES_5
PE2.GPIO_Label=IR_PIN
RCC.Tim2OutputFreq_Value=240000000
PC13.PinState=GPIO_PIN_SET
RCC.DFSDMACLkFreq_Value=120000000
PA3.Signal=ADCx_INP15
PE3.GPIO_ModeDefaultEXTI=GPIO_MODE_IT_RISING_FALLING
RCC.PLLSourceVirtual=RCC_PLLSOURCE_HSE
CORTEX_M7.CPU_ICache=Disabled
PA13\ (JTMS/SWDIO).Mode=Trace_Asynchronous_SW
ADC1.Rank-10\#ChannelRegularConversion=3
ProjectManager.NoMain=false
SH.S_TIM4_CH4.0=TIM4_CH4,PWM Generation4 CH4
ADC1.Rank-8\#ChannelRegularConversion=1
PC11.Signal=SDMMC1_D3
RCC.SAI4BFreq_Value=120000000
PC8.Signal=SDMMC1_D0
PC4.Signal=ADCx_INP4
SH.ADCx_INP14.0=ADC1_INP14,IN14-Single-Ended
PC10.Mode=SD_4_bits_Wide_bus
PE4.GPIO_ModeDefaultEXTI=GPIO_MODE_IT_RISING_FALLING
RCC.D2PPRE2=RCC_APB2_DIV2
RCC.D2PPRE1=RCC_APB1_DIV2
ProjectManager.DefaultFWLocation=true
PD5.Signal=USART2_TX
ProjectManager.DeletePrevious=true
ADC1.Channel-13\#ChannelRegularConversion=ADC_CHANNEL_7
NVIC.USART2_IRQn=true\:0\:0\:false\:false\:true\:true\:true
RCC.FamilyName=M
PH1-OSC_OUT\ (PH1).Signal=RCC_OSC_OUT
ADC1.OffsetNumber-14\#ChannelRegularConversion=ADC_OFFSET_NONE
PD12.Locked=true
RCC.SPI6Freq_Value=120000000
SH.GPXTI6.0=GPIO_EXTI6
ADC1.Rank-13\#ChannelRegularConversion=6
Dma.ADC1.0.PeriphDataAlignment=DMA_PDATAALIGN_HALFWORD
RCC.SPI45Freq_Value=120000000
PC6.GPIO_ModeDefaultEXTI=GPIO_MODE_IT_RISING_FALLING
PB3\ (JTDO/TRACESWO).Signal=DEBUG_JTDO-SWO
ProjectManager.TargetToolchain=STM32CubeIDE
PE7.GPIOParameters=PinState,GPIO_Label,GPIO_ModeDefaultOutputPP
RCC.VCO1OutputFreq_Value=960000000
Dma.ADC1.0.Mode=DMA_CIRCULAR
PB7.GPIOParameters=PinState,GPIO_Label
SH.S_TIM4_CH3.0=TIM4_CH3,PWM Generation3 CH3
Dma.ADC1.0.SyncSignalID=NONE
PB9.Mode=I2C
PB2.GPIOParameters=PinState,GPIO_Label,GPIO_ModeDefaultOutputPP
RCC.AXIClockFreq_Value=240000000
PD13.Mode=I2C
PE4.Locked=true
PE2.GPIOParameters=GPIO_PuPd,GPIO_Label,GPIO_ModeDefaultEXTI
ProjectManager.RegisterCallBack=
RCC.USBFreq_Value=120000000
TIM4.Prescaler=10
TIM15.IPParameters=Prescaler,Period,Channel-PWM Generation1 CH1,Channel-PWM Generation2 CH2
RCC.CKPERFreq_Value=64000000
SH.S_TIM4_CH3.ConfNb=1
PD2.Mode=SD_4_bits_Wide_bus
board=custom
SH.GPXTI3.0=GPIO_EXTI3
RCC.VCOInput1Freq_Value=8000000
Dma.ADC1.0.SyncPolarity=HAL_DMAMUX_SYNC_NO_EVENT
Dma.ADC1.0.RequestParameters=Instance,Direction,PeriphInc,MemInc,PeriphDataAlignment,MemDataAlignment,Mode,Priority,FIFOMode,SignalID,Polarity,RequestNumber,SyncSignalID,SyncPolarity,SyncEnable,EventEnable,SyncRequestNumber
ADC1.Channel-12\#ChannelRegularConversion=ADC_CHANNEL_3
RCC.APB2Freq_Value=120000000
MxCube.Version=6.2.1
VP_TIM2_VS_ClockSourceINT.Mode=Internal
PC13.GPIOParameters=PinState,GPIO_Label,GPIO_ModeDefaultOutputPP
RCC.FDCANFreq_Value=120000000
RCC.ADCFreq_Value=64000000
VP_SYS_VS_Systick.Mode=SysTick
PE6.Signal=S_TIM15_CH2
ADC1.NbrOfConversion=8
PA15\ (JTDI).GPIO_Label=LDD1
RCC.IPParameters=ADCCLockSelection,ADCFreq_Value,AHB12Freq_Value,AHB4Freq_Value,APB1Freq_Value,APB2Freq_Value,APB3Freq_Value,APB4Freq_Value,AXIClockFreq_Value,CECFreq_Value,CKPERFreq_Value,CortexFreq_Value,CpuClockFreq_Value,D1CPREFreq_Value,D1PPRE,D2PPRE1,D2PPRE2,D3PPRE,DFSDMACLkFreq_Value,DFSDMFreq_Value,DIVM1,DIVM2,DIVN1,DIVN2,DIVP1Freq_Value,DIVP2,DIVP2Freq_Value,DIVP3Freq_Value,DIVQ1,DIVQ1Freq_Value,DIVQ2,DIVQ2Freq_Value,DIVQ3Freq_Value,DIVR1,DIVR1Freq_Value,DIVR2,DIVR2Freq_Value,DIVR3Freq_Value,FDCANFreq_Value,FMCFreq_Value,FamilyName,HCLK3ClockFreq_Value,HCLKFreq_Value,HPRE,HRTIMFreq_Value,HSE_VALUE,I2C123Freq_Value,I2C4Freq_Value,LPTIM1Freq_Value,LPTIM2Freq_Value,LPTIM345Freq_Value,LPUART1Freq_Value,LTDCFreq_Value,MCO1PinFreq_Value,MCO2PinFreq_Value,PLLSourceVirtual,QSPIFreq_Value,RNGFreq_Value,RTCFreq_Value,SAI1Freq_Value,SAI23Freq_Value,SAI4AFreq_Value,SAI4BFreq_Value,SDMMCFreq_Value,SPDIFRXFreq_Value,SPI123Freq_Value,SPI45Freq_Value,SPI6Freq_Value,SWPMI1Freq_Value,SYSCLKFreq_VALUE,SYSCLKSource,Tim1OutputFreq_Value,Tim2OutputFreq_Value,TraceFreq_Value,USART16Freq_Value,USART234578Freq_Value,USBFreq_Value,VCO1OutputFreq_Value,VCO2OutputFreq_Value,VCO3OutputFreq_Value,VCOInput1Freq_Value,VCOInput2Freq_Value,VCOInput3Freq_Value
ProjectManager.AskForMigrate=true
PB2.PinState=GPIO_PIN_SET
Mcu.Name=STM32H743VITx
PE7.GPIO_Label=LD4
PA2.Signal=ADCx_INP14
PB2.Locked=true
Mcu.IP8=SDMMC1
SH.ADCx_INP8.ConfNb=1
ADC1.Channel-9\#ChannelRegularConversion=ADC_CHANNEL_15
Mcu.IP9=SYS
PD14.Signal=S_TIM4_CH3
Mcu.IP6=NVIC
Mcu.IP7=RCC
ProjectManager.CoupleFile=true
RCC.SYSCLKFreq_VALUE=480000000
RCC.I2C123Freq_Value=120000000
SH.GPXTI4.0=GPIO_EXTI4
KeepUserPlacement=false
TIM5.Prescaler=240
SH.ADCx_INP19.ConfNb=1
SH.ADCx_INP14.ConfNb=1
VP_TIM15_VS_ClockSourceINT.Mode=Internal
Dma.ADC1.0.SyncEnable=DISABLE
NVIC.EXTI9_5_IRQn=true\:14\:0\:true\:false\:true\:true\:true
Dma.ADC1.0.MemInc=DMA_MINC_ENABLE
PB2.GPIO_Label=LD3
SH.GPXTI4.ConfNb=1
PC6.GPIOParameters=GPIO_Label,GPIO_ModeDefaultEXTI
RCC.SAI4AFreq_Value=120000000
ADC1.NbrOfConversionFlag=1
PB7.Locked=true
RCC.DIVQ1Freq_Value=120000000
PB8.Signal=I2C1_SCL
PE3.GPIO_Label=ENK1
RCC.D3PPRE=RCC_APB4_DIV2
TIM5.Period=10000
PC9.Signal=SDMMC1_D1
SH.ADCx_INP3.ConfNb=1
PA15\ (JTDI).Locked=true
RCC.VCOInput2Freq_Value=8000000
RCC.APB1Freq_Value=120000000
ADC1.ClockPrescaler=ADC_CLOCK_ASYNC_DIV6
ProjectManager.DeviceId=STM32H743VITx
ProjectManager.LibraryCopy=1
I2C4.IPParameters=Timing,I2C_Speed_Mode
PA7.Signal=ADCx_INP7
isbadioc=false
